
Microsoft Visual Studio Solution File, Format Version 12.00
# Visual Studio Version 16
VisualStudioVersion = 16.0.32510.428
MinimumVisualStudioVersion = 10.0.40219.1
Project("{FAE04EC0-301F-11D3-BF4B-00C04F79EFBC}") = "OOP_Hamburgerci", "OOP_Hamburgerci\OOP_Hamburgerci.csproj", "{6126048E-E00C-4DE4-B240-DDB822176514}"
EndProject
Global
	GlobalSection(SolutionConfigurationPlatforms) = preSolution
		Debug|Any CPU = Debug|Any CPU
		Release|Any CPU = Release|Any CPU
	EndGlobalSection
	GlobalSection(ProjectConfigurationPlatforms) = postSolution
		{6126048E-E00C-4DE4-B240-DDB822176514}.Debug|Any CPU.ActiveCfg = Debug|Any CPU
		{6126048E-E00C-4DE4-B240-DDB822176514}.Debug|Any CPU.Build.0 = Debug|Any CPU
		{6126048E-E00C-4DE4-B240-DDB822176514}.Release|Any CPU.ActiveCfg = Release|Any CPU
		{6126048E-E00C-4DE4-B240-DDB822176514}.Release|Any CPU.Build.0 = Release|Any CPU
	EndGlobalSection
	GlobalSection(SolutionProperties) = preSolution
		HideSolutionNode = FALSE
	EndGlobalSection
	GlobalSection(ExtensibilityGlobals) = postSolution
		SolutionGuid = {88CA2C07-0321-4944-90A2-6FF46AB9980B}
	EndGlobalSection
EndGlobal
